
Microsoft Visual Studio Solution File, Format Version 12.00
# Visual Studio Version 16
VisualStudioVersion = 16.0.31605.320
MinimumVisualStudioVersion = 10.0.40219.1
Project("{FAE04EC0-301F-11D3-BF4B-00C04F79EFBC}") = "Угрюмова пракическая 4 ТРПО", "Угрюмова пракическая 4 ТРПО.csproj", "{CEF13E8F-021C-48AA-971F-50BAE89F1AB6}"
EndProject
Project("{FAE04EC0-301F-11D3-BF4B-00C04F79EFBC}") = "Задание 2", "..\Задание 2\Задание 2.csproj", "{6A5A9081-E257-4469-A440-A6946BB87371}"
EndProject
Global
	GlobalSection(SolutionConfigurationPlatforms) = preSolution
		Debug|Any CPU = Debug|Any CPU
		Release|Any CPU = Release|Any CPU
	EndGlobalSection
	GlobalSection(ProjectConfigurationPlatforms) = postSolution
		{CEF13E8F-021C-48AA-971F-50BAE89F1AB6}.Debug|Any CPU.ActiveCfg = Debug|Any CPU
		{CEF13E8F-021C-48AA-971F-50BAE89F1AB6}.Debug|Any CPU.Build.0 = Debug|Any CPU
		{CEF13E8F-021C-48AA-971F-50BAE89F1AB6}.Release|Any CPU.ActiveCfg = Release|Any CPU
		{CEF13E8F-021C-48AA-971F-50BAE89F1AB6}.Release|Any CPU.Build.0 = Release|Any CPU
		{6A5A9081-E257-4469-A440-A6946BB87371}.Debug|Any CPU.ActiveCfg = Debug|Any CPU
		{6A5A9081-E257-4469-A440-A6946BB87371}.Debug|Any CPU.Build.0 = Debug|Any CPU
		{6A5A9081-E257-4469-A440-A6946BB87371}.Release|Any CPU.ActiveCfg = Release|Any CPU
		{6A5A9081-E257-4469-A440-A6946BB87371}.Release|Any CPU.Build.0 = Release|Any CPU
	EndGlobalSection
	GlobalSection(SolutionProperties) = preSolution
		HideSolutionNode = FALSE
	EndGlobalSection
	GlobalSection(ExtensibilityGlobals) = postSolution
		SolutionGuid = {86EEAE11-B639-430C-8150-57FAFE4AA1BB}
	EndGlobalSection
EndGlobal
